
Microsoft Visual Studio Solution File, Format Version 12.00
# Visual Studio Version 17
VisualStudioVersion = 17.0.32014.148
MinimumVisualStudioVersion = 10.0.40219.1
Project("{2150E333-8FDC-42A3-9474-1A3956D46DE8}") = "src", "src", "{E62475E8-0BE1-4464-BBD9-FD06CC546593}"
EndProject
Project("{2150E333-8FDC-42A3-9474-1A3956D46DE8}") = "Solution Items", "Solution Items", "{A5617401-3C5E-4B37-85B0-F33D41F6BEEE}"
	ProjectSection(SolutionItems) = preProject
		CHANGELOG.md = CHANGELOG.md
		Directory.Build.props = Directory.Build.props
		README.md = README.md
	EndProjectSection
EndProject
Project("{2150E333-8FDC-42A3-9474-1A3956D46DE8}") = "test", "test", "{A54B4BB6-3439-432B-AFD9-FE62D6528D42}"
EndProject
Project("{9A19103F-16F7-4668-BE54-9A1E7A4F7556}") = "Audit.WebApi.UnitTest", "test\Audit.WebApi.UnitTest\Audit.WebApi.UnitTest.csproj", "{8A6C8B84-2C46-4CC2-A291-D606E1656FF7}"
EndProject
Project("{9A19103F-16F7-4668-BE54-9A1E7A4F7556}") = "Audit.NET", "src\Audit.NET\Audit.NET.csproj", "{95370B23-ED59-420A-B22C-722BF38DEF42}"
EndProject
Project("{9A19103F-16F7-4668-BE54-9A1E7A4F7556}") = "Audit.NET.MongoDB", "src\Audit.NET.MongoDB\Audit.NET.MongoDB.csproj", "{D3CEDE4E-620B-40A8-9FFF-E083B3CC6D41}"
EndProject
Project("{9A19103F-16F7-4668-BE54-9A1E7A4F7556}") = "Audit.NET.SqlServer", "src\Audit.NET.SqlServer\Audit.NET.SqlServer.csproj", "{D6C86273-942B-4BE7-8764-FA4567F19C9A}"
EndProject
Project("{9A19103F-16F7-4668-BE54-9A1E7A4F7556}") = "Audit.WebApi", "src\Audit.WebApi\Audit.WebApi.csproj", "{5D3052CA-00E0-4FCF-9DE0-BD8CBFDAE5DA}"
EndProject
Project("{9A19103F-16F7-4668-BE54-9A1E7A4F7556}") = "Audit.SignalR", "src\Audit.SignalR\Audit.SignalR.csproj", "{9F750B91-695D-402A-9570-074D25BB4660}"
EndProject
Project("{9A19103F-16F7-4668-BE54-9A1E7A4F7556}") = "Audit.WebApi.Core", "src\Audit.WebApi.Core\Audit.WebApi.Core.csproj", "{16A5ED20-48BE-484B-8780-43693A3CFF6C}"
EndProject
Project("{9A19103F-16F7-4668-BE54-9A1E7A4F7556}") = "Audit.UnitTest", "test\Audit.UnitTest\Audit.UnitTest.csproj", "{A9877617-7CE9-43F8-A8BD-F2B1B501C652}"
EndProject
Project("{2150E333-8FDC-42A3-9474-1A3956D46DE8}") = "templates", "templates", "{47AB2E9F-353B-4C6E-B04A-6622DE5F407D}"
EndProject
Project("{9A19103F-16F7-4668-BE54-9A1E7A4F7556}") = "Audit.Mvc.Template", "templates\MVC\content\Audit.Mvc.Template\Audit.Mvc.Template.csproj", "{5A71A8BD-791E-4FE3-8FB7-B2122115056D}"
EndProject
Project("{9A19103F-16F7-4668-BE54-9A1E7A4F7556}") = "Audit.WebApi.Template", "templates\WebApi\content\Audit.WebApi.Template\Audit.WebApi.Template.csproj", "{D37736EB-5A3F-4D5B-BCF4-45B04BD187EB}"
EndProject
Project("{2150E333-8FDC-42A3-9474-1A3956D46DE8}") = "WebApi", "WebApi", "{C874D041-824A-4B4B-A27B-851E7B387AED}"
	ProjectSection(SolutionItems) = preProject
		templates\WebApi\Audit.WebApi.Template.nuspec = templates\WebApi\Audit.WebApi.Template.nuspec
		templates\WebApi\content\Audit.WebApi.Template\.template.config\template.json = templates\WebApi\content\Audit.WebApi.Template\.template.config\template.json
	EndProjectSection
EndProject
Project("{2150E333-8FDC-42A3-9474-1A3956D46DE8}") = "Mvc", "Mvc", "{544B332C-74C2-46AE-8298-3FBB3D4E847A}"
	ProjectSection(SolutionItems) = preProject
		templates\MVC\Audit.Mvc.Template.nuspec = templates\MVC\Audit.Mvc.Template.nuspec
		templates\MVC\content\Audit.Mvc.Template\.template.config\template.json = templates\MVC\content\Audit.Mvc.Template\.template.config\template.json
	EndProjectSection
EndProject
Project("{9A19103F-16F7-4668-BE54-9A1E7A4F7556}") = "Audit.NET.JsonNewtonsoftAdapter", "src\Audit.NET.JsonNewtonsoftAdapter\Audit.NET.JsonNewtonsoftAdapter.csproj", "{7547EDD0-241B-48D4-A07D-29CF38A945BA}"
EndProject
Project("{9A19103F-16F7-4668-BE54-9A1E7A4F7556}") = "Audit.NET.JsonSystemAdapter", "src\Audit.NET.JsonSystemAdapter\Audit.NET.JsonSystemAdapter.csproj", "{C87B20BF-E127-4E66-ADB3-D7A6504AA521}"
EndProject
Project("{9A19103F-16F7-4668-BE54-9A1E7A4F7556}") = "Audit.JsonAdapter.UnitTest", "test\Audit.JsonAdapter.UnitTest\Audit.JsonAdapter.UnitTest.csproj", "{D4F8D570-565F-45FA-8313-42984E88258D}"
EndProject
Global
	GlobalSection(SolutionConfigurationPlatforms) = preSolution
		Debug|Any CPU = Debug|Any CPU
		Debug|x64 = Debug|x64
		Release|Any CPU = Release|Any CPU
		Release|x64 = Release|x64
	EndGlobalSection
	GlobalSection(ProjectConfigurationPlatforms) = postSolution
		{8A6C8B84-2C46-4CC2-A291-D606E1656FF7}.Debug|Any CPU.ActiveCfg = Debug|Any CPU
		{8A6C8B84-2C46-4CC2-A291-D606E1656FF7}.Debug|Any CPU.Build.0 = Debug|Any CPU
		{8A6C8B84-2C46-4CC2-A291-D606E1656FF7}.Debug|x64.ActiveCfg = Debug|Any CPU
		{8A6C8B84-2C46-4CC2-A291-D606E1656FF7}.Debug|x64.Build.0 = Debug|Any CPU
		{8A6C8B84-2C46-4CC2-A291-D606E1656FF7}.Release|Any CPU.ActiveCfg = Release|Any CPU
		{8A6C8B84-2C46-4CC2-A291-D606E1656FF7}.Release|Any CPU.Build.0 = Release|Any CPU
		{8A6C8B84-2C46-4CC2-A291-D606E1656FF7}.Release|x64.ActiveCfg = Release|Any CPU
		{8A6C8B84-2C46-4CC2-A291-D606E1656FF7}.Release|x64.Build.0 = Release|Any CPU
		{95370B23-ED59-420A-B22C-722BF38DEF42}.Debug|Any CPU.ActiveCfg = Debug|Any CPU
		{95370B23-ED59-420A-B22C-722BF38DEF42}.Debug|Any CPU.Build.0 = Debug|Any CPU
		{95370B23-ED59-420A-B22C-722BF38DEF42}.Debug|x64.ActiveCfg = Debug|Any CPU
		{95370B23-ED59-420A-B22C-722BF38DEF42}.Debug|x64.Build.0 = Debug|Any CPU
		{95370B23-ED59-420A-B22C-722BF38DEF42}.Release|Any CPU.ActiveCfg = Release|Any CPU
		{95370B23-ED59-420A-B22C-722BF38DEF42}.Release|Any CPU.Build.0 = Release|Any CPU
		{95370B23-ED59-420A-B22C-722BF38DEF42}.Release|x64.ActiveCfg = Release|Any CPU
		{95370B23-ED59-420A-B22C-722BF38DEF42}.Release|x64.Build.0 = Release|Any CPU
		{D3CEDE4E-620B-40A8-9FFF-E083B3CC6D41}.Debug|Any CPU.ActiveCfg = Debug|Any CPU
		{D3CEDE4E-620B-40A8-9FFF-E083B3CC6D41}.Debug|Any CPU.Build.0 = Debug|Any CPU
		{D3CEDE4E-620B-40A8-9FFF-E083B3CC6D41}.Debug|x64.ActiveCfg = Debug|Any CPU
		{D3CEDE4E-620B-40A8-9FFF-E083B3CC6D41}.Debug|x64.Build.0 = Debug|Any CPU
		{D3CEDE4E-620B-40A8-9FFF-E083B3CC6D41}.Release|Any CPU.ActiveCfg = Release|Any CPU
		{D3CEDE4E-620B-40A8-9FFF-E083B3CC6D41}.Release|Any CPU.Build.0 = Release|Any CPU
		{D3CEDE4E-620B-40A8-9FFF-E083B3CC6D41}.Release|x64.ActiveCfg = Release|Any CPU
		{D3CEDE4E-620B-40A8-9FFF-E083B3CC6D41}.Release|x64.Build.0 = Release|Any CPU
		{D6C86273-942B-4BE7-8764-FA4567F19C9A}.Debug|Any CPU.ActiveCfg = Debug|Any CPU
		{D6C86273-942B-4BE7-8764-FA4567F19C9A}.Debug|Any CPU.Build.0 = Debug|Any CPU
		{D6C86273-942B-4BE7-8764-FA4567F19C9A}.Debug|x64.ActiveCfg = Debug|Any CPU
		{D6C86273-942B-4BE7-8764-FA4567F19C9A}.Debug|x64.Build.0 = Debug|Any CPU
		{D6C86273-942B-4BE7-8764-FA4567F19C9A}.Release|Any CPU.ActiveCfg = Release|Any CPU
		{D6C86273-942B-4BE7-8764-FA4567F19C9A}.Release|Any CPU.Build.0 = Release|Any CPU
		{D6C86273-942B-4BE7-8764-FA4567F19C9A}.Release|x64.ActiveCfg = Release|Any CPU
		{D6C86273-942B-4BE7-8764-FA4567F19C9A}.Release|x64.Build.0 = Release|Any CPU
		{5D3052CA-00E0-4FCF-9DE0-BD8CBFDAE5DA}.Debug|Any CPU.ActiveCfg = Debug|Any CPU
		{5D3052CA-00E0-4FCF-9DE0-BD8CBFDAE5DA}.Debug|Any CPU.Build.0 = Debug|Any CPU
		{5D3052CA-00E0-4FCF-9DE0-BD8CBFDAE5DA}.Debug|x64.ActiveCfg = Debug|Any CPU
		{5D3052CA-00E0-4FCF-9DE0-BD8CBFDAE5DA}.Debug|x64.Build.0 = Debug|Any CPU
		{5D3052CA-00E0-4FCF-9DE0-BD8CBFDAE5DA}.Release|Any CPU.ActiveCfg = Release|Any CPU
		{5D3052CA-00E0-4FCF-9DE0-BD8CBFDAE5DA}.Release|Any CPU.Build.0 = Release|Any CPU
		{5D3052CA-00E0-4FCF-9DE0-BD8CBFDAE5DA}.Release|x64.ActiveCfg = Release|Any CPU
		{5D3052CA-00E0-4FCF-9DE0-BD8CBFDAE5DA}.Release|x64.Build.0 = Release|Any CPU
		{9F750B91-695D-402A-9570-074D25BB4660}.Debug|Any CPU.ActiveCfg = Debug|Any CPU
		{9F750B91-695D-402A-9570-074D25BB4660}.Debug|Any CPU.Build.0 = Debug|Any CPU
		{9F750B91-695D-402A-9570-074D25BB4660}.Debug|x64.ActiveCfg = Debug|Any CPU
		{9F750B91-695D-402A-9570-074D25BB4660}.Debug|x64.Build.0 = Debug|Any CPU
		{9F750B91-695D-402A-9570-074D25BB4660}.Release|Any CPU.ActiveCfg = Release|Any CPU
		{9F750B91-695D-402A-9570-074D25BB4660}.Release|Any CPU.Build.0 = Release|Any CPU
		{9F750B91-695D-402A-9570-074D25BB4660}.Release|x64.ActiveCfg = Release|Any CPU
		{9F750B91-695D-402A-9570-074D25BB4660}.Release|x64.Build.0 = Release|Any CPU
		{16A5ED20-48BE-484B-8780-43693A3CFF6C}.Debug|Any CPU.ActiveCfg = Debug|Any CPU
		{16A5ED20-48BE-484B-8780-43693A3CFF6C}.Debug|Any CPU.Build.0 = Debug|Any CPU
		{16A5ED20-48BE-484B-8780-43693A3CFF6C}.Debug|x64.ActiveCfg = Debug|Any CPU
		{16A5ED20-48BE-484B-8780-43693A3CFF6C}.Debug|x64.Build.0 = Debug|Any CPU
		{16A5ED20-48BE-484B-8780-43693A3CFF6C}.Release|Any CPU.ActiveCfg = Release|Any CPU
		{16A5ED20-48BE-484B-8780-43693A3CFF6C}.Release|Any CPU.Build.0 = Release|Any CPU
		{16A5ED20-48BE-484B-8780-43693A3CFF6C}.Release|x64.ActiveCfg = Release|Any CPU
		{16A5ED20-48BE-484B-8780-43693A3CFF6C}.Release|x64.Build.0 = Release|Any CPU
		{A9877617-7CE9-43F8-A8BD-F2B1B501C652}.Debug|Any CPU.ActiveCfg = Debug|Any CPU
		{A9877617-7CE9-43F8-A8BD-F2B1B501C652}.Debug|Any CPU.Build.0 = Debug|Any CPU
		{A9877617-7CE9-43F8-A8BD-F2B1B501C652}.Debug|x64.ActiveCfg = Debug|Any CPU
		{A9877617-7CE9-43F8-A8BD-F2B1B501C652}.Debug|x64.Build.0 = Debug|Any CPU
		{A9877617-7CE9-43F8-A8BD-F2B1B501C652}.Release|Any CPU.ActiveCfg = Release|Any CPU
		{A9877617-7CE9-43F8-A8BD-F2B1B501C652}.Release|Any CPU.Build.0 = Release|Any CPU
		{A9877617-7CE9-43F8-A8BD-F2B1B501C652}.Release|x64.ActiveCfg = Release|Any CPU
		{A9877617-7CE9-43F8-A8BD-F2B1B501C652}.Release|x64.Build.0 = Release|Any CPU
		{5A71A8BD-791E-4FE3-8FB7-B2122115056D}.Debug|Any CPU.ActiveCfg = Debug|Any CPU
		{5A71A8BD-791E-4FE3-8FB7-B2122115056D}.Debug|Any CPU.Build.0 = Debug|Any CPU
		{5A71A8BD-791E-4FE3-8FB7-B2122115056D}.Debug|x64.ActiveCfg = Debug|Any CPU
		{5A71A8BD-791E-4FE3-8FB7-B2122115056D}.Debug|x64.Build.0 = Debug|Any CPU
		{5A71A8BD-791E-4FE3-8FB7-B2122115056D}.Release|Any CPU.ActiveCfg = Release|Any CPU
		{5A71A8BD-791E-4FE3-8FB7-B2122115056D}.Release|Any CPU.Build.0 = Release|Any CPU
		{5A71A8BD-791E-4FE3-8FB7-B2122115056D}.Release|x64.ActiveCfg = Release|Any CPU
		{5A71A8BD-791E-4FE3-8FB7-B2122115056D}.Release|x64.Build.0 = Release|Any CPU
		{D37736EB-5A3F-4D5B-BCF4-45B04BD187EB}.Debug|Any CPU.ActiveCfg = Debug|Any CPU
		{D37736EB-5A3F-4D5B-BCF4-45B04BD187EB}.Debug|Any CPU.Build.0 = Debug|Any CPU
		{D37736EB-5A3F-4D5B-BCF4-45B04BD187EB}.Debug|x64.ActiveCfg = Debug|Any CPU
		{D37736EB-5A3F-4D5B-BCF4-45B04BD187EB}.Debug|x64.Build.0 = Debug|Any CPU
		{D37736EB-5A3F-4D5B-BCF4-45B04BD187EB}.Release|Any CPU.ActiveCfg = Release|Any CPU
		{D37736EB-5A3F-4D5B-BCF4-45B04BD187EB}.Release|Any CPU.Build.0 = Release|Any CPU
		{D37736EB-5A3F-4D5B-BCF4-45B04BD187EB}.Release|x64.ActiveCfg = Release|Any CPU
		{D37736EB-5A3F-4D5B-BCF4-45B04BD187EB}.Release|x64.Build.0 = Release|Any CPU
		{7547EDD0-241B-48D4-A07D-29CF38A945BA}.Debug|Any CPU.ActiveCfg = Debug|Any CPU
		{7547EDD0-241B-48D4-A07D-29CF38A945BA}.Debug|Any CPU.Build.0 = Debug|Any CPU
		{7547EDD0-241B-48D4-A07D-29CF38A945BA}.Debug|x64.ActiveCfg = Debug|Any CPU
		{7547EDD0-241B-48D4-A07D-29CF38A945BA}.Debug|x64.Build.0 = Debug|Any CPU
		{7547EDD0-241B-48D4-A07D-29CF38A945BA}.Release|Any CPU.ActiveCfg = Release|Any CPU
		{7547EDD0-241B-48D4-A07D-29CF38A945BA}.Release|Any CPU.Build.0 = Release|Any CPU
		{7547EDD0-241B-48D4-A07D-29CF38A945BA}.Release|x64.ActiveCfg = Release|Any CPU
		{7547EDD0-241B-48D4-A07D-29CF38A945BA}.Release|x64.Build.0 = Release|Any CPU
		{C87B20BF-E127-4E66-ADB3-D7A6504AA521}.Debug|Any CPU.ActiveCfg = Debug|Any CPU
		{C87B20BF-E127-4E66-ADB3-D7A6504AA521}.Debug|Any CPU.Build.0 = Debug|Any CPU
		{C87B20BF-E127-4E66-ADB3-D7A6504AA521}.Debug|x64.ActiveCfg = Debug|Any CPU
		{C87B20BF-E127-4E66-ADB3-D7A6504AA521}.Debug|x64.Build.0 = Debug|Any CPU
		{C87B20BF-E127-4E66-ADB3-D7A6504AA521}.Release|Any CPU.ActiveCfg = Release|Any CPU
		{C87B20BF-E127-4E66-ADB3-D7A6504AA521}.Release|Any CPU.Build.0 = Release|Any CPU
		{C87B20BF-E127-4E66-ADB3-D7A6504AA521}.Release|x64.ActiveCfg = Release|Any CPU
		{C87B20BF-E127-4E66-ADB3-D7A6504AA521}.Release|x64.Build.0 = Release|Any CPU
		{D4F8D570-565F-45FA-8313-42984E88258D}.Debug|Any CPU.ActiveCfg = Debug|Any CPU
		{D4F8D570-565F-45FA-8313-42984E88258D}.Debug|Any CPU.Build.0 = Debug|Any CPU
		{D4F8D570-565F-45FA-8313-42984E88258D}.Debug|x64.ActiveCfg = Debug|Any CPU
		{D4F8D570-565F-45FA-8313-42984E88258D}.Debug|x64.Build.0 = Debug|Any CPU
		{D4F8D570-565F-45FA-8313-42984E88258D}.Release|Any CPU.ActiveCfg = Release|Any CPU
		{D4F8D570-565F-45FA-8313-42984E88258D}.Release|Any CPU.Build.0 = Release|Any CPU
		{D4F8D570-565F-45FA-8313-42984E88258D}.Release|x64.ActiveCfg = Release|Any CPU
		{D4F8D570-565F-45FA-8313-42984E88258D}.Release|x64.Build.0 = Release|Any CPU
	EndGlobalSection
	GlobalSection(SolutionProperties) = preSolution
		HideSolutionNode = FALSE
	EndGlobalSection
	GlobalSection(NestedProjects) = preSolution
		{8A6C8B84-2C46-4CC2-A291-D606E1656FF7} = {A54B4BB6-3439-432B-AFD9-FE62D6528D42}
		{95370B23-ED59-420A-B22C-722BF38DEF42} = {E62475E8-0BE1-4464-BBD9-FD06CC546593}
		{D3CEDE4E-620B-40A8-9FFF-E083B3CC6D41} = {E62475E8-0BE1-4464-BBD9-FD06CC546593}
		{D6C86273-942B-4BE7-8764-FA4567F19C9A} = {E62475E8-0BE1-4464-BBD9-FD06CC546593}
		{5D3052CA-00E0-4FCF-9DE0-BD8CBFDAE5DA} = {E62475E8-0BE1-4464-BBD9-FD06CC546593}
		{9F750B91-695D-402A-9570-074D25BB4660} = {E62475E8-0BE1-4464-BBD9-FD06CC546593}
		{16A5ED20-48BE-484B-8780-43693A3CFF6C} = {E62475E8-0BE1-4464-BBD9-FD06CC546593}
		{A9877617-7CE9-43F8-A8BD-F2B1B501C652} = {A54B4BB6-3439-432B-AFD9-FE62D6528D42}
		{5A71A8BD-791E-4FE3-8FB7-B2122115056D} = {544B332C-74C2-46AE-8298-3FBB3D4E847A}
		{D37736EB-5A3F-4D5B-BCF4-45B04BD187EB} = {C874D041-824A-4B4B-A27B-851E7B387AED}
		{C874D041-824A-4B4B-A27B-851E7B387AED} = {47AB2E9F-353B-4C6E-B04A-6622DE5F407D}
		{544B332C-74C2-46AE-8298-3FBB3D4E847A} = {47AB2E9F-353B-4C6E-B04A-6622DE5F407D}
		{7547EDD0-241B-48D4-A07D-29CF38A945BA} = {E62475E8-0BE1-4464-BBD9-FD06CC546593}
		{C87B20BF-E127-4E66-ADB3-D7A6504AA521} = {E62475E8-0BE1-4464-BBD9-FD06CC546593}
		{D4F8D570-565F-45FA-8313-42984E88258D} = {A54B4BB6-3439-432B-AFD9-FE62D6528D42}
	EndGlobalSection
	GlobalSection(ExtensibilityGlobals) = postSolution
		SolutionGuid = {B1989475-43D6-4AA5-9717-6DBF734B0C6E}
	EndGlobalSection
EndGlobal
